# This file is autogenerated, do not edit; changes may be undone by the next 'dep ensure'.


[[projects]]
  digest = "1:ffe9824d294da03b391f44e1ae8281281b4afc1bdaa9588c9097785e3af10cec"
  name = "github.com/davecgh/go-spew"
  packages = ["spew"]
  pruneopts = "UT"
  revision = "8991bc29aa16c548c550c7ff78260e27b9ab7c73"
  version = "v1.1.1"

[[projects]]
  digest = "1:b9914f85d95a0968bafd1be1908ba29e2eafafd88d6fd13696be42bf5368c380"
  name = "github.com/go-chi/chi"
  packages = ["."]
  pruneopts = "UT"
  revision = "b5294d10673813fac8558e7f47242bc9e61b4c25"
  version = "v3.3.3"

[[projects]]
  branch = "master"
  digest = "1:368ba96ddacaae2fe265afcac3062a199908f7dc0c6569d6e05a7a13042cccf1"
  name = "github.com/gobwas/httphead"
  packages = ["."]
  pruneopts = "UT"
  revision = "2c6c146eadee0b69f856f87e3e9f1d0cd6aad2f5"

[[projects]]
  digest = "1:bdfe3b97ff03e4f7252c74cfaefb20050a360c8fb760701014ebf99c9540abd1"
  name = "github.com/gobwas/pool"
  packages = [
    ".",
    "internal/pmath",
    "pbufio",
    "pbytes",
  ]
  pruneopts = "UT"
  revision = "fa3125c39d7eca32e1387bb69b1b38dcb31b1e0b"
  version = "v0.2.0"

[[projects]]
  digest = "1:0170d57f475b654098594498fbd9c94a57464b91d6dd855fe409d87656d4aa5e"
  name = "github.com/gobwas/ws"
  packages = [
    ".",
    "wsutil",
  ]
  pruneopts = "UT"
  revision = "469ccd6afe52b489eee1e662098562dd7d77a4f8"
  version = "v1.0.0"

[[projects]]
  digest = "1:7b5c6e2eeaa9ae5907c391a91c132abfd5c9e8a784a341b5625e750c67e6825d"
  name = "github.com/gorilla/websocket"
  packages = ["."]
  pruneopts = "UT"
  revision = "66b9c49e59c6c48f0ffce28c2d8b8a5678502c6d"
  version = "v1.4.0"

[[projects]]
  branch = "master"
  digest = "1:238f1d1a060189e5e6b4065a1a785cedf7c5b8e2fdc2f8b10aa3b68c79cb7995"
  name = "github.com/kjk/betterguid"
  packages = ["."]
  pruneopts = "UT"
  revision = "c442874ba63a7beb6c8b6f14ad1675de747b7f71"

[[projects]]
  digest = "1:0028cb19b2e4c3112225cd871870f2d9cf49b9b4276531f03438a88e94be86fe"
  name = "github.com/pmezard/go-difflib"
  packages = ["difflib"]
  pruneopts = "UT"
  revision = "792786c7400a136282c1664665ae0a8db921c6c2"
  version = "v1.0.0"

[[projects]]
  digest = "1:c40d65817cdd41fac9aa7af8bed56927bb2d6d47e4fea566a74880f5c2b1c41e"
  name = "github.com/stretchr/testify"
  packages = [
    "assert",
    "require",
  ]
  pruneopts = "UT"
  revision = "f35b8ab0b5a2cef36673838d662e249dd9c94686"
  version = "v1.2.2"

[[projects]]
  branch = "master"
  digest = "1:c2789211d4035eb0843b85958ecf7cb4a5ea91c2d4decee652c94ce898e433cb"
  name = "golang.org/x/sys"
  packages = ["unix"]
  pruneopts = "UT"
  revision = "4497e2df6f9e69048a54498c7affbbec3294ad47"

[solve-meta]
  analyzer-name = "dep"
  analyzer-version = 1
  input-imports = [
    "github.com/go-chi/chi",
    "github.com/gobwas/ws",
    "github.com/gobwas/ws/wsutil",
    "github.com/gorilla/websocket",
    "github.com/kjk/betterguid",
    "github.com/stretchr/testify/require",
  ]
  solver-name = "gps-cdcl"
  solver-version = 1
